
Microsoft Visual Studio Solution File, Format Version 12.00
# Visual Studio Version 17
VisualStudioVersion = 17.14.36109.1
MinimumVisualStudioVersion = 10.0.40219.1
Project("{FAE04EC0-301F-11D3-BF4B-00C04F79EFBC}") = "Stego.UI", "Stego.UI\Stego.UI.csproj", "{A3638BCB-3EFE-4171-B84B-4341FB5136D6}"
EndProject
Project("{FAE04EC0-301F-11D3-BF4B-00C04F79EFBC}") = "Stego.Core", "Stego.Core\Stego.Core.csproj", "{467FDFF2-0578-4079-8793-103D9688BE48}"
EndProject
Global
	GlobalSection(SolutionConfigurationPlatforms) = preSolution
		Debug|x64 = Debug|x64
		Release|x64 = Release|x64
		Release-Unpackaged|x64 = Release-Unpackaged|x64
	EndGlobalSection
	GlobalSection(ProjectConfigurationPlatforms) = postSolution
		{A3638BCB-3EFE-4171-B84B-4341FB5136D6}.Debug|x64.ActiveCfg = Debug|x64
		{A3638BCB-3EFE-4171-B84B-4341FB5136D6}.Debug|x64.Build.0 = Debug|x64
		{A3638BCB-3EFE-4171-B84B-4341FB5136D6}.Debug|x64.Deploy.0 = Debug|x64
		{A3638BCB-3EFE-4171-B84B-4341FB5136D6}.Release|x64.ActiveCfg = Release|x64
		{A3638BCB-3EFE-4171-B84B-4341FB5136D6}.Release|x64.Build.0 = Release|x64
		{A3638BCB-3EFE-4171-B84B-4341FB5136D6}.Release|x64.Deploy.0 = Release|x64
		{A3638BCB-3EFE-4171-B84B-4341FB5136D6}.Release-Unpackaged|x64.ActiveCfg = Release-Unpackaged|x64
		{A3638BCB-3EFE-4171-B84B-4341FB5136D6}.Release-Unpackaged|x64.Build.0 = Release-Unpackaged|x64
		{467FDFF2-0578-4079-8793-103D9688BE48}.Debug|x64.ActiveCfg = Debug|Any CPU
		{467FDFF2-0578-4079-8793-103D9688BE48}.Debug|x64.Build.0 = Debug|Any CPU
		{467FDFF2-0578-4079-8793-103D9688BE48}.Release|x64.ActiveCfg = Release|Any CPU
		{467FDFF2-0578-4079-8793-103D9688BE48}.Release|x64.Build.0 = Release|Any CPU
		{467FDFF2-0578-4079-8793-103D9688BE48}.Release-Unpackaged|x64.ActiveCfg = Release-Unpackaged|Any CPU
		{467FDFF2-0578-4079-8793-103D9688BE48}.Release-Unpackaged|x64.Build.0 = Release-Unpackaged|Any CPU
	EndGlobalSection
	GlobalSection(SolutionProperties) = preSolution
		HideSolutionNode = FALSE
	EndGlobalSection
	GlobalSection(ExtensibilityGlobals) = postSolution
		SolutionGuid = {474B0F7C-9CBE-4E13-9AC3-7B8BC98D0AC9}
	EndGlobalSection
EndGlobal
